{
  "name": "truffle-sample",
  "version": "1.0.0",
  "lockfileVersion": 3,
  "requires": true,
  "packages": {
    "": {
      "name": "truffle-sample",
      "version": "1.0.0",
      "license": "MIT",
      "devDependencies": {
        "@openzeppelin/contracts-upgradeable": "^4.9.3"
      }
    },
    "node_modules/@openzeppelin/contracts-upgradeable": {
      "version": "4.9.3",
      "resolved": "https://registry.npmjs.org/@openzeppelin/contracts-upgradeable/-/contracts-upgradeable-4.9.3.tgz",
      "integrity": "sha512-jjaHAVRMrE4UuZNfDwjlLGDxTHWIOwTJS2ldnc278a0gevfXfPr8hxKEVBGFBE96kl2G3VHDZhUimw/+G3TG2A==",
      "dev": true
    }
  }
}
